// !$*UTF8*$!
{
	archiveVersion = 1;
	classes = {
	};
	objectVersion = 46;
	objects = {

/* Begin PBXBuildFile section */
		573214871C4D0C9C00094254 /* AppDelegate.swift in Sources */ = {isa = PBXBuildFile; fileRef = 573214861C4D0C9C00094254 /* AppDelegate.swift */; };
		573214891C4D0C9C00094254 /* ViewController.swift in Sources */ = {isa = PBXBuildFile; fileRef = 573214881C4D0C9C00094254 /* ViewController.swift */; };
		5732148C1C4D0C9C00094254 /* Main.storyboard in Resources */ = {isa = PBXBuildFile; fileRef = 5732148A1C4D0C9C00094254 /* Main.storyboard */; };
		5732148E1C4D0C9C00094254 /* Assets.xcassets in Resources */ = {isa = PBXBuildFile; fileRef = 5732148D1C4D0C9C00094254 /* Assets.xcassets */; };
		573214911C4D0C9C00094254 /* LaunchScreen.storyboard in Resources */ = {isa = PBXBuildFile; fileRef = 5732148F1C4D0C9C00094254 /* LaunchScreen.storyboard */; };
		5732149C1C4D0C9C00094254 /* ____Tests.swift in Sources */ = {isa = PBXBuildFile; fileRef = 5732149B1C4D0C9C00094254 /* ____Tests.swift */; };
		573214A71C4D0C9C00094254 /* ____UITests.swift in Sources */ = {isa = PBXBuildFile; fileRef = 573214A61C4D0C9C00094254 /* ____UITests.swift */; };
		573214B61C4D0CC000094254 /* DrawViewController.swift in Sources */ = {isa = PBXBuildFile; fileRef = 573214B41C4D0CC000094254 /* DrawViewController.swift */; settings = {ASSET_TAGS = (); }; };
		573214B71C4D0CC000094254 /* DrawViewController.xib in Resources */ = {isa = PBXBuildFile; fileRef = 573214B51C4D0CC000094254 /* DrawViewController.xib */; settings = {ASSET_TAGS = (); }; };
		573214B91C4D0DCE00094254 /* DrawView.swift in Sources */ = {isa = PBXBuildFile; fileRef = 573214B81C4D0DCE00094254 /* DrawView.swift */; settings = {ASSET_TAGS = (); }; };
/* End PBXBuildFile section */

/* Begin PBXContainerItemProxy section */
		573214981C4D0C9C00094254 /* PBXContainerItemProxy */ = {
			isa = PBXContainerItemProxy;
			containerPortal = 5732147B1C4D0C9C00094254 /* Project object */;
			proxyType = 1;
			remoteGlobalIDString = 573214821C4D0C9C00094254;
			remoteInfo = "解锁项目";
		};
		573214A31C4D0C9C00094254 /* PBXContainerItemProxy */ = {
			isa = PBXContainerItemProxy;
			containerPortal = 5732147B1C4D0C9C00094254 /* Project object */;
			proxyType = 1;
			remoteGlobalIDString = 573214821C4D0C9C00094254;
			remoteInfo = "解锁项目";
		};
/* End PBXContainerItemProxy section */

/* Begin PBXFileReference section */
		573214831C4D0C9C00094254 /* 解锁项目.app */ = {isa = PBXFileReference; explicitFileType = wrapper.application; includeInIndex = 0; path = "解锁项目.app"; sourceTree = BUILT_PRODUCTS_DIR; };
		573214861C4D0C9C00094254 /* AppDelegate.swift */ = {isa = PBXFileReference; lastKnownFileType = sourcecode.swift; path = AppDelegate.swift; sourceTree = "<group>"; };
		573214881C4D0C9C00094254 /* ViewController.swift */ = {isa = PBXFileReference; lastKnownFileType = sourcecode.swift; path = ViewController.swift; sourceTree = "<group>"; };
		5732148B1C4D0C9C00094254 /* Base */ = {isa = PBXFileReference; lastKnownFileType = file.storyboard; name = Base; path = Base.lproj/Main.storyboard; sourceTree = "<group>"; };
		5732148D1C4D0C9C00094254 /* Assets.xcassets */ = {isa = PBXFileReference; lastKnownFileType = folder.assetcatalog; path = Assets.xcassets; sourceTree = "<group>"; };
		573214901C4D0C9C00094254 /* Base */ = {isa = PBXFileReference; lastKnownFileType = file.storyboard; name = Base; path = Base.lproj/LaunchScreen.storyboard; sourceTree = "<group>"; };
		573214921C4D0C9C00094254 /* Info.plist */ = {isa = PBXFileReference; lastKnownFileType = text.plist.xml; path = Info.plist; sourceTree = "<group>"; };
		573214971C4D0C9C00094254 /* 解锁项目Tests.xctest */ = {isa = PBXFileReference; explicitFileType = wrapper.cfbundle; includeInIndex = 0; path = "解锁项目Tests.xctest"; sourceTree = BUILT_PRODUCTS_DIR; };
		5732149B1C4D0C9C00094254 /* ____Tests.swift */ = {isa = PBXFileReference; lastKnownFileType = sourcecode.swift; path = "____Tests.swift"; sourceTree = "<group>"; };
		5732149D1C4D0C9C00094254 /* Info.plist */ = {isa = PBXFileReference; lastKnownFileType = text.plist.xml; path = Info.plist; sourceTree = "<group>"; };
		573214A21C4D0C9C00094254 /* 解锁项目UITests.xctest */ = {isa = PBXFileReference; explicitFileType = wrapper.cfbundle; includeInIndex = 0; path = "解锁项目UITests.xctest"; sourceTree = BUILT_PRODUCTS_DIR; };
		573214A61C4D0C9C00094254 /* ____UITests.swift */ = {isa = PBXFileReference; lastKnownFileType = sourcecode.swift; path = "____UITests.swift"; sourceTree = "<group>"; };
		573214A81C4D0C9C00094254 /* Info.plist */ = {isa = PBXFileReference; lastKnownFileType = text.plist.xml; path = Info.plist; sourceTree = "<group>"; };
		573214B41C4D0CC000094254 /* DrawViewController.swift */ = {isa = PBXFileReference; fileEncoding = 4; lastKnownFileType = sourcecode.swift; path = DrawViewController.swift; sourceTree = "<group>"; };
		573214B51C4D0CC000094254 /* DrawViewController.xib */ = {isa = PBXFileReference; fileEncoding = 4; lastKnownFileType = file.xib; path = DrawViewController.xib; sourceTree = "<group>"; };
		573214B81C4D0DCE00094254 /* DrawView.swift */ = {isa = PBXFileReference; fileEncoding = 4; lastKnownFileType = sourcecode.swift; path = DrawView.swift; sourceTree = "<group>"; };
/* End PBXFileReference section */

/* Begin PBXFrameworksBuildPhase section */
		573214801C4D0C9C00094254 /* Frameworks */ = {
			isa = PBXFrameworksBuildPhase;
			buildActionMask = 2147483647;
			files = (
			);
			runOnlyForDeploymentPostprocessing = 0;
		};
		573214941C4D0C9C00094254 /* Frameworks */ = {
			isa = PBXFrameworksBuildPhase;
			buildActionMask = 2147483647;
			files = (
			);
			runOnlyForDeploymentPostprocessing = 0;
		};
		5732149F1C4D0C9C00094254 /* Frameworks */ = {
			isa = PBXFrameworksBuildPhase;
			buildActionMask = 2147483647;
			files = (
			);
			runOnlyForDeploymentPostprocessing = 0;
		};
/* End PBXFrameworksBuildPhase section */

/* Begin PBXGroup section */
		5732147A1C4D0C9C00094254 = {
			isa = PBXGroup;
			children = (
				573214851C4D0C9C00094254 /* 解锁项目 */,
				5732149A1C4D0C9C00094254 /* 解锁项目Tests */,
				573214A51C4D0C9C00094254 /* 解锁项目UITests */,
				573214841C4D0C9C00094254 /* Products */,
			);
			sourceTree = "<group>";
		};
		573214841C4D0C9C00094254 /* Products */ = {
			isa = PBXGroup;
			children = (
				573214831C4D0C9C00094254 /* 解锁项目.app */,
				573214971C4D0C9C00094254 /* 解锁项目Tests.xctest */,
				573214A21C4D0C9C00094254 /* 解锁项目UITests.xctest */,
			);
			name = Products;
			sourceTree = "<group>";
		};
		573214851C4D0C9C00094254 /* 解锁项目 */ = {
			isa = PBXGroup;
			children = (
				573214861C4D0C9C00094254 /* AppDelegate.swift */,
				573214881C4D0C9C00094254 /* ViewController.swift */,
				573214B41C4D0CC000094254 /* DrawViewController.swift */,
				573214B81C4D0DCE00094254 /* DrawView.swift */,
				573214B51C4D0CC000094254 /* DrawViewController.xib */,
				5732148A1C4D0C9C00094254 /* Main.storyboard */,
				5732148D1C4D0C9C00094254 /* Assets.xcassets */,
				5732148F1C4D0C9C00094254 /* LaunchScreen.storyboard */,
				573214921C4D0C9C00094254 /* Info.plist */,
			);
			path = "解锁项目";
			sourceTree = "<group>";
		};
		5732149A1C4D0C9C00094254 /* 解锁项目Tests */ = {
			isa = PBXGroup;
			children = (
				5732149B1C4D0C9C00094254 /* ____Tests.swift */,
				5732149D1C4D0C9C00094254 /* Info.plist */,
			);
			path = "解锁项目Tests";
			sourceTree = "<group>";
		};
		573214A51C4D0C9C00094254 /* 解锁项目UITests */ = {
			isa = PBXGroup;
			children = (
				573214A61C4D0C9C00094254 /* ____UITests.swift */,
				573214A81C4D0C9C00094254 /* Info.plist */,
			);
			path = "解锁项目UITests";
			sourceTree = "<group>";
		};
/* End PBXGroup section */

/* Begin PBXNativeTarget section */
		573214821C4D0C9C00094254 /* 解锁项目 */ = {
			isa = PBXNativeTarget;
			buildConfigurationList = 573214AB1C4D0C9C00094254 /* Build configuration list for PBXNativeTarget "解锁项目" */;
			buildPhases = (
				5732147F1C4D0C9C00094254 /* Sources */,
				573214801C4D0C9C00094254 /* Frameworks */,
				573214811C4D0C9C00094254 /* Resources */,
			);
			buildRules = (
			);
			dependencies = (
			);
			name = "解锁项目";
			productName = "解锁项目";
			productReference = 573214831C4D0C9C00094254 /* 解锁项目.app */;
			productType = "com.apple.product-type.application";
		};
		573214961C4D0C9C00094254 /* 解锁项目Tests */ = {
			isa = PBXNativeTarget;
			buildConfigurationList = 573214AE1C4D0C9C00094254 /* Build configuration list for PBXNativeTarget "解锁项目Tests" */;
			buildPhases = (
				573214931C4D0C9C00094254 /* Sources */,
				573214941C4D0C9C00094254 /* Frameworks */,
				573214951C4D0C9C00094254 /* Resources */,
			);
			buildRules = (
			);
			dependencies = (
				573214991C4D0C9C00094254 /* PBXTargetDependency */,
			);
			name = "解锁项目Tests";
			productName = "解锁项目Tests";
			productReference = 573214971C4D0C9C00094254 /* 解锁项目Tests.xctest */;
			productType = "com.apple.product-type.bundle.unit-test";
		};
		573214A11C4D0C9C00094254 /* 解锁项目UITests */ = {
			isa = PBXNativeTarget;
			buildConfigurationList = 573214B11C4D0C9C00094254 /* Build configuration list for PBXNativeTarget "解锁项目UITests" */;
			buildPhases = (
				5732149E1C4D0C9C00094254 /* Sources */,
				5732149F1C4D0C9C00094254 /* Frameworks */,
				573214A01C4D0C9C00094254 /* Resources */,
			);
			buildRules = (
			);
			dependencies = (
				573214A41C4D0C9C00094254 /* PBXTargetDependency */,
			);
			name = "解锁项目UITests";
			productName = "解锁项目UITests";
			productReference = 573214A21C4D0C9C00094254 /* 解锁项目UITests.xctest */;
			productType = "com.apple.product-type.bundle.ui-testing";
		};
/* End PBXNativeTarget section */

/* Begin PBXProject section */
		5732147B1C4D0C9C00094254 /* Project object */ = {
			isa = PBXProject;
			attributes = {
				LastUpgradeCheck = 0700;
				ORGANIZATIONNAME = Maizi;
				TargetAttributes = {
					573214821C4D0C9C00094254 = {
						CreatedOnToolsVersion = 7.0;
					};
					573214961C4D0C9C00094254 = {
						CreatedOnToolsVersion = 7.0;
						TestTargetID = 573214821C4D0C9C00094254;
					};
					573214A11C4D0C9C00094254 = {
						CreatedOnToolsVersion = 7.0;
						TestTargetID = 573214821C4D0C9C00094254;
					};
				};
			};
			buildConfigurationList = 5732147E1C4D0C9C00094254 /* Build configuration list for PBXProject "解锁项目" */;
			compatibilityVersion = "Xcode 3.2";
			developmentRegion = English;
			hasScannedForEncodings = 0;
			knownRegions = (
				en,
				Base,
			);
			mainGroup = 5732147A1C4D0C9C00094254;
			productRefGroup = 573214841C4D0C9C00094254 /* Products */;
			projectDirPath = "";
			projectRoot = "";
			targets = (
				573214821C4D0C9C00094254 /* 解锁项目 */,
				573214961C4D0C9C00094254 /* 解锁项目Tests */,
				573214A11C4D0C9C00094254 /* 解锁项目UITests */,
			);
		};
/* End PBXProject section */

/* Begin PBXResourcesBuildPhase section */
		573214811C4D0C9C00094254 /* Resources */ = {
			isa = PBXResourcesBuildPhase;
			buildActionMask = 2147483647;
			files = (
				573214B71C4D0CC000094254 /* DrawViewController.xib in Resources */,
				573214911C4D0C9C00094254 /* LaunchScreen.storyboard in Resources */,
				5732148E1C4D0C9C00094254 /* Assets.xcassets in Resources */,
				5732148C1C4D0C9C00094254 /* Main.storyboard in Resources */,
			);
			runOnlyForDeploymentPostprocessing = 0;
		};
		573214951C4D0C9C00094254 /* Resources */ = {
			isa = PBXResourcesBuildPhase;
			buildActionMask = 2147483647;
			files = (
			);
			runOnlyForDeploymentPostprocessing = 0;
		};
		573214A01C4D0C9C00094254 /* Resources */ = {
			isa = PBXResourcesBuildPhase;
			buildActionMask = 2147483647;
			files = (
			);
			runOnlyForDeploymentPostprocessing = 0;
		};
/* End PBXResourcesBuildPhase section */

/* Begin PBXSourcesBuildPhase section */
		5732147F1C4D0C9C00094254 /* Sources */ = {
			isa = PBXSourcesBuildPhase;
			buildActionMask = 2147483647;
			files = (
				573214B61C4D0CC000094254 /* DrawViewController.swift in Sources */,
				573214891C4D0C9C00094254 /* ViewController.swift in Sources */,
				573214B91C4D0DCE00094254 /* DrawView.swift in Sources */,
				573214871C4D0C9C00094254 /* AppDelegate.swift in Sources */,
			);
			runOnlyForDeploymentPostprocessing = 0;
		};
		573214931C4D0C9C00094254 /* Sources */ = {
			isa = PBXSourcesBuildPhase;
			buildActionMask = 2147483647;
			files = (
				5732149C1C4D0C9C00094254 /* ____Tests.swift in Sources */,
			);
			runOnlyForDeploymentPostprocessing = 0;
		};
		5732149E1C4D0C9C00094254 /* Sources */ = {
			isa = PBXSourcesBuildPhase;
			buildActionMask = 2147483647;
			files = (
				573214A71C4D0C9C00094254 /* ____UITests.swift in Sources */,
			);
			runOnlyForDeploymentPostprocessing = 0;
		};
/* End PBXSourcesBuildPhase section */

/* Begin PBXTargetDependency section */
		573214991C4D0C9C00094254 /* PBXTargetDependency */ = {
			isa = PBXTargetDependency;
			target = 573214821C4D0C9C00094254 /* 解锁项目 */;
			targetProxy = 573214981C4D0C9C00094254 /* PBXContainerItemProxy */;
		};
		573214A41C4D0C9C00094254 /* PBXTargetDependency */ = {
			isa = PBXTargetDependency;
			target = 573214821C4D0C9C00094254 /* 解锁项目 */;
			targetProxy = 573214A31C4D0C9C00094254 /* PBXContainerItemProxy */;
		};
/* End PBXTargetDependency section */

/* Begin PBXVariantGroup section */
		5732148A1C4D0C9C00094254 /* Main.storyboard */ = {
			isa = PBXVariantGroup;
			children = (
				5732148B1C4D0C9C00094254 /* Base */,
			);
			name = Main.storyboard;
			sourceTree = "<group>";
		};
		5732148F1C4D0C9C00094254 /* LaunchScreen.storyboard */ = {
			isa = PBXVariantGroup;
			children = (
				573214901C4D0C9C00094254 /* Base */,
			);
			name = LaunchScreen.storyboard;
			sourceTree = "<group>";
		};
/* End PBXVariantGroup section */

/* Begin XCBuildConfiguration section */
		573214A91C4D0C9C00094254 /* Debug */ = {
			isa = XCBuildConfiguration;
			buildSettings = {
				ALWAYS_SEARCH_USER_PATHS = NO;
				CLANG_CXX_LANGUAGE_STANDARD = "gnu++0x";
				CLANG_CXX_LIBRARY = "libc++";
				CLANG_ENABLE_MODULES = YES;
				CLANG_ENABLE_OBJC_ARC = YES;
				CLANG_WARN_BOOL_CONVERSION = YES;
				CLANG_WARN_CONSTANT_CONVERSION = YES;
				CLANG_WARN_DIRECT_OBJC_ISA_USAGE = YES_ERROR;
				CLANG_WARN_EMPTY_BODY = YES;
				CLANG_WARN_ENUM_CONVERSION = YES;
				CLANG_WARN_INT_CONVERSION = YES;
				CLANG_WARN_OBJC_ROOT_CLASS = YES_ERROR;
				CLANG_WARN_UNREACHABLE_CODE = YES;
				CLANG_WARN__DUPLICATE_METHOD_MATCH = YES;
				"CODE_SIGN_IDENTITY[sdk=iphoneos*]" = "iPhone Developer";
				COPY_PHASE_STRIP = NO;
				DEBUG_INFORMATION_FORMAT = dwarf;
				ENABLE_STRICT_OBJC_MSGSEND = YES;
				ENABLE_TESTABILITY = YES;
				GCC_C_LANGUAGE_STANDARD = gnu99;
				GCC_DYNAMIC_NO_PIC = NO;
				GCC_NO_COMMON_BLOCKS = YES;
				GCC_OPTIMIZATION_LEVEL = 0;
				GCC_PREPROCESSOR_DEFINITIONS = (
					"DEBUG=1",
					"$(inherited)",
				);
				GCC_WARN_64_TO_32_BIT_CONVERSION = YES;
				GCC_WARN_ABOUT_RETURN_TYPE = YES_ERROR;
				GCC_WARN_UNDECLARED_SELECTOR = YES;
				GCC_WARN_UNINITIALIZED_AUTOS = YES_AGGRESSIVE;
				GCC_WARN_UNUSED_FUNCTION = YES;
				GCC_WARN_UNUSED_VARIABLE = YES;
				IPHONEOS_DEPLOYMENT_TARGET = 9.0;
				MTL_ENABLE_DEBUG_INFO = YES;
				ONLY_ACTIVE_ARCH = YES;
				SDKROOT = iphoneos;
				SWIFT_OPTIMIZATION_LEVEL = "-Onone";
			};
			name = Debug;
		};
		573214AA1C4D0C9C00094254 /* Release */ = {
			isa = XCBuildConfiguration;
			buildSettings = {
				ALWAYS_SEARCH_USER_PATHS = NO;
				CLANG_CXX_LANGUAGE_STANDARD = "gnu++0x";
				CLANG_CXX_LIBRARY = "libc++";
				CLANG_ENABLE_MODULES = YES;
				CLANG_ENABLE_OBJC_ARC = YES;
				CLANG_WARN_BOOL_CONVERSION = YES;
				CLANG_WARN_CONSTANT_CONVERSION = YES;
				CLANG_WARN_DIRECT_OBJC_ISA_USAGE = YES_ERROR;
				CLANG_WARN_EMPTY_BODY = YES;
				CLANG_WARN_ENUM_CONVERSION = YES;
				CLANG_WARN_INT_CONVERSION = YES;
				CLANG_WARN_OBJC_ROOT_CLASS = YES_ERROR;
				CLANG_WARN_UNREACHABLE_CODE = YES;
				CLANG_WARN__DUPLICATE_METHOD_MATCH = YES;
				"CODE_SIGN_IDENTITY[sdk=iphoneos*]" = "iPhone Developer";
				COPY_PHASE_STRIP = NO;
				DEBUG_INFORMATION_FORMAT = "dwarf-with-dsym";
				ENABLE_NS_ASSERTIONS = NO;
				ENABLE_STRICT_OBJC_MSGSEND = YES;
				GCC_C_LANGUAGE_STANDARD = gnu99;
				GCC_NO_COMMON_BLOCKS = YES;
				GCC_WARN_64_TO_32_BIT_CONVERSION = YES;
				GCC_WARN_ABOUT_RETURN_TYPE = YES_ERROR;
				GCC_WARN_UNDECLARED_SELECTOR = YES;
				GCC_WARN_UNINITIALIZED_AUTOS = YES_AGGRESSIVE;
				GCC_WARN_UNUSED_FUNCTION = YES;
				GCC_WARN_UNUSED_VARIABLE = YES;
				IPHONEOS_DEPLOYMENT_TARGET = 9.0;
				MTL_ENABLE_DEBUG_INFO = NO;
				SDKROOT = iphoneos;
				VALIDATE_PRODUCT = YES;
			};
			name = Release;
		};
		573214AC1C4D0C9C00094254 /* Debug */ = {
			isa = XCBuildConfiguration;
			buildSettings = {
				ASSETCATALOG_COMPILER_APPICON_NAME = AppIcon;
				INFOPLIST_FILE = "解锁项目/Info.plist";
				LD_RUNPATH_SEARCH_PATHS = "$(inherited) @executable_path/Frameworks";
				PRODUCT_BUNDLE_IDENTIFIER = "felix.----";
				PRODUCT_NAME = "$(TARGET_NAME)";
			};
			name = Debug;
		};
		573214AD1C4D0C9C00094254 /* Release */ = {
			isa = XCBuildConfiguration;
			buildSettings = {
				ASSETCATALOG_COMPILER_APPICON_NAME = AppIcon;
				INFOPLIST_FILE = "解锁项目/Info.plist";
				LD_RUNPATH_SEARCH_PATHS = "$(inherited) @executable_path/Frameworks";
				PRODUCT_BUNDLE_IDENTIFIER = "felix.----";
				PRODUCT_NAME = "$(TARGET_NAME)";
			};
			name = Release;
		};
		573214AF1C4D0C9C00094254 /* Debug */ = {
			isa = XCBuildConfiguration;
			buildSettings = {
				BUNDLE_LOADER = "$(TEST_HOST)";
				INFOPLIST_FILE = "解锁项目Tests/Info.plist";
				LD_RUNPATH_SEARCH_PATHS = "$(inherited) @executable_path/Frameworks @loader_path/Frameworks";
				PRODUCT_BUNDLE_IDENTIFIER = "felix.----Tests";
				PRODUCT_NAME = "$(TARGET_NAME)";
				TEST_HOST = "$(BUILT_PRODUCTS_DIR)/解锁项目.app/解锁项目";
			};
			name = Debug;
		};
		573214B01C4D0C9C00094254 /* Release */ = {
			isa = XCBuildConfiguration;
			buildSettings = {
				BUNDLE_LOADER = "$(TEST_HOST)";
				INFOPLIST_FILE = "解锁项目Tests/Info.plist";
				LD_RUNPATH_SEARCH_PATHS = "$(inherited) @executable_path/Frameworks @loader_path/Frameworks";
				PRODUCT_BUNDLE_IDENTIFIER = "felix.----Tests";
				PRODUCT_NAME = "$(TARGET_NAME)";
				TEST_HOST = "$(BUILT_PRODUCTS_DIR)/解锁项目.app/解锁项目";
			};
			name = Release;
		};
		573214B21C4D0C9C00094254 /* Debug */ = {
			isa = XCBuildConfiguration;
			buildSettings = {
				INFOPLIST_FILE = "解锁项目UITests/Info.plist";
				LD_RUNPATH_SEARCH_PATHS = "$(inherited) @executable_path/Frameworks @loader_path/Frameworks";
				PRODUCT_BUNDLE_IDENTIFIER = "felix.----UITests";
				PRODUCT_NAME = "$(TARGET_NAME)";
				TEST_TARGET_NAME = "解锁项目";
				USES_XCTRUNNER = YES;
			};
			name = Debug;
		};
		573214B31C4D0C9C00094254 /* Release */ = {
			isa = XCBuildConfiguration;
			buildSettings = {
				INFOPLIST_FILE = "解锁项目UITests/Info.plist";
				LD_RUNPATH_SEARCH_PATHS = "$(inherited) @executable_path/Frameworks @loader_path/Frameworks";
				PRODUCT_BUNDLE_IDENTIFIER = "felix.----UITests";
				PRODUCT_NAME = "$(TARGET_NAME)";
				TEST_TARGET_NAME = "解锁项目";
				USES_XCTRUNNER = YES;
			};
			name = Release;
		};
/* End XCBuildConfiguration section */

/* Begin XCConfigurationList section */
		5732147E1C4D0C9C00094254 /* Build configuration list for PBXProject "解锁项目" */ = {
			isa = XCConfigurationList;
			buildConfigurations = (
				573214A91C4D0C9C00094254 /* Debug */,
				573214AA1C4D0C9C00094254 /* Release */,
			);
			defaultConfigurationIsVisible = 0;
			defaultConfigurationName = Release;
		};
		573214AB1C4D0C9C00094254 /* Build configuration list for PBXNativeTarget "解锁项目" */ = {
			isa = XCConfigurationList;
			buildConfigurations = (
				573214AC1C4D0C9C00094254 /* Debug */,
				573214AD1C4D0C9C00094254 /* Release */,
			);
			defaultConfigurationIsVisible = 0;
		};
		573214AE1C4D0C9C00094254 /* Build configuration list for PBXNativeTarget "解锁项目Tests" */ = {
			isa = XCConfigurationList;
			buildConfigurations = (
				573214AF1C4D0C9C00094254 /* Debug */,
				573214B01C4D0C9C00094254 /* Release */,
			);
			defaultConfigurationIsVisible = 0;
		};
		573214B11C4D0C9C00094254 /* Build configuration list for PBXNativeTarget "解锁项目UITests" */ = {
			isa = XCConfigurationList;
			buildConfigurations = (
				573214B21C4D0C9C00094254 /* Debug */,
				573214B31C4D0C9C00094254 /* Release */,
			);
			defaultConfigurationIsVisible = 0;
		};
/* End XCConfigurationList section */
	};
	rootObject = 5732147B1C4D0C9C00094254 /* Project object */;
}
